
Microsoft Visual Studio Solution File, Format Version 12.00
# Visual Studio Version 16
VisualStudioVersion = 16.0.30523.141
MinimumVisualStudioVersion = 10.0.40219.1
Project("{FAE04EC0-301F-11D3-BF4B-00C04F79EFBC}") = "CSRcon", "CSRcon\CSRcon.csproj", "{4CC4EF9A-1D25-4342-A89B-6097ED30E18D}"
EndProject
Global
	GlobalSection(SolutionConfigurationPlatforms) = preSolution
		Debug|Any CPU = Debug|Any CPU
		Release|Any CPU = Release|Any CPU
	EndGlobalSection
	GlobalSection(ProjectConfigurationPlatforms) = postSolution
		{4CC4EF9A-1D25-4342-A89B-6097ED30E18D}.Debug|Any CPU.ActiveCfg = Debug|Any CPU
		{4CC4EF9A-1D25-4342-A89B-6097ED30E18D}.Debug|Any CPU.Build.0 = Debug|Any CPU
		{4CC4EF9A-1D25-4342-A89B-6097ED30E18D}.Release|Any CPU.ActiveCfg = Release|Any CPU
		{4CC4EF9A-1D25-4342-A89B-6097ED30E18D}.Release|Any CPU.Build.0 = Release|Any CPU
	EndGlobalSection
	GlobalSection(SolutionProperties) = preSolution
		HideSolutionNode = FALSE
	EndGlobalSection
	GlobalSection(ExtensibilityGlobals) = postSolution
		SolutionGuid = {E4B0411D-EAA9-4CA8-A38F-9A9071A78516}
	EndGlobalSection
EndGlobal
